
Microsoft Visual Studio Solution File, Format Version 12.00
# Visual Studio 2013
VisualStudioVersion = 12.0.30723.0
MinimumVisualStudioVersion = 10.0.40219.1
Project("{FAE04EC0-301F-11D3-BF4B-00C04F79EFBC}") = "TestApp", "TestApp\TestApp.csproj", "{3322CD88-3858-4274-B553-0CF7F3AC13BE}"
EndProject
Global
	GlobalSection(SolutionConfigurationPlatforms) = preSolution
		Debug|Any CPU = Debug|Any CPU
		Release|Any CPU = Release|Any CPU
	EndGlobalSection
	GlobalSection(ProjectConfigurationPlatforms) = postSolution
		{3322CD88-3858-4274-B553-0CF7F3AC13BE}.Debug|Any CPU.ActiveCfg = Debug|Any CPU
		{3322CD88-3858-4274-B553-0CF7F3AC13BE}.Debug|Any CPU.Build.0 = Debug|Any CPU
		{3322CD88-3858-4274-B553-0CF7F3AC13BE}.Release|Any CPU.ActiveCfg = Release|Any CPU
		{3322CD88-3858-4274-B553-0CF7F3AC13BE}.Release|Any CPU.Build.0 = Release|Any CPU
	EndGlobalSection
	GlobalSection(SolutionProperties) = preSolution
		HideSolutionNode = FALSE
	EndGlobalSection
EndGlobal
